version = 1
revision = 2
requires-python = ">=3.13"

[[package]]
name = "asgiref"
version = "3.9.0"
source = { registry = "https://pypi.org/simple" }
sdist = { url = "https://files.pythonhosted.org/packages/6a/68/fb4fb78c9eac59d5e819108a57664737f855c5a8e9b76aec1738bb137f9e/asgiref-3.9.0.tar.gz", hash = "sha256:3dd2556d0f08c4fab8a010d9ab05ef8c34565f6bf32381d17505f7ca5b273767", size = 36772, upload-time = "2025-07-03T13:25:01.491Z" }
wheels = [
    { url = "https://files.pythonhosted.org/packages/3d/f9/76c9f4d4985b5a642926162e2d41fe6019b1fa929cfa58abb7d2dc9041e5/asgiref-3.9.0-py3-none-any.whl", hash = "sha256:06a41250a0114d2b6f6a2cb3ab962147d355b53d1de15eebc34a9d04a7b79981", size = 23788, upload-time = "2025-07-03T13:24:59.115Z" },
]

[[package]]
name = "certifi"
version = "2025.6.15"
source = { registry = "https://pypi.org/simple" }
sdist = { url = "https://files.pythonhosted.org/packages/73/f7/f14b46d4bcd21092d7d3ccef689615220d8a08fb25e564b65d20738e672e/certifi-2025.6.15.tar.gz", hash = "sha256:d747aa5a8b9bbbb1bb8c22bb13e22bd1f18e9796defa16bab421f7f7a317323b", size = 158753, upload-time = "2025-06-15T02:45:51.329Z" }
wheels = [
    { url = "https://files.pythonhosted.org/packages/84/ae/320161bd181fc06471eed047ecce67b693fd7515b16d495d8932db763426/certifi-2025.6.15-py3-none-any.whl", hash = "sha256:2e0c7ce7cb5d8f8634ca55d2ba7e6ec2689a2fd6537d8dec1296a477a4910057", size = 157650, upload-time = "2025-06-15T02:45:49.977Z" },
]

[[package]]
name = "cffi"
version = "1.17.1"
source = { registry = "https://pypi.org/simple" }
dependencies = [
    { name = "pycparser" },
]
sdist = { url = "https://files.pythonhosted.org/packages/fc/97/c783634659c2920c3fc70419e3af40972dbaf758daa229a7d6ea6135c90d/cffi-1.17.1.tar.gz", hash = "sha256:1c39c6016c32bc48dd54561950ebd6836e1670f2ae46128f67cf49e789c52824", size = 516621, upload-time = "2024-09-04T20:45:21.852Z" }
wheels = [
    { url = "https://files.pythonhosted.org/packages/8d/f8/dd6c246b148639254dad4d6803eb6a54e8c85c6e11ec9df2cffa87571dbe/cffi-1.17.1-cp313-cp313-macosx_10_13_x86_64.whl", hash = "sha256:f3a2b4222ce6b60e2e8b337bb9596923045681d71e5a082783484d845390938e", size = 182989, upload-time = "2024-09-04T20:44:28.956Z" },
    { url = "https://files.pythonhosted.org/packages/8b/f1/672d303ddf17c24fc83afd712316fda78dc6fce1cd53011b839483e1ecc8/cffi-1.17.1-cp313-cp313-macosx_11_0_arm64.whl", hash = "sha256:0984a4925a435b1da406122d4d7968dd861c1385afe3b45ba82b750f229811e2", size = 178802, upload-time = "2024-09-04T20:44:30.289Z" },
    { url = "https://files.pythonhosted.org/packages/0e/2d/eab2e858a91fdff70533cab61dcff4a1f55ec60425832ddfdc9cd36bc8af/cffi-1.17.1-cp313-cp313-manylinux_2_12_i686.manylinux2010_i686.manylinux_2_17_i686.manylinux2014_i686.whl", hash = "sha256:d01b12eeeb4427d3110de311e1774046ad344f5b1a7403101878976ecd7a10f3", size = 454792, upload-time = "2024-09-04T20:44:32.01Z" },
    { url = "https://files.pythonhosted.org/packages/75/b2/fbaec7c4455c604e29388d55599b99ebcc250a60050610fadde58932b7ee/cffi-1.17.1-cp313-cp313-manylinux_2_17_aarch64.manylinux2014_aarch64.whl", hash = "sha256:706510fe141c86a69c8ddc029c7910003a17353970cff3b904ff0686a5927683", size = 478893, upload-time = "2024-09-04T20:44:33.606Z" },
    { url = "https://files.pythonhosted.org/packages/4f/b7/6e4a2162178bf1935c336d4da8a9352cccab4d3a5d7914065490f08c0690/cffi-1.17.1-cp313-cp313-manylinux_2_17_ppc64le.manylinux2014_ppc64le.whl", hash = "sha256:de55b766c7aa2e2a3092c51e0483d700341182f08e67c63630d5b6f200bb28e5", size = 485810, upload-time = "2024-09-04T20:44:35.191Z" },
    { url = "https://files.pythonhosted.org/packages/c7/8a/1d0e4a9c26e54746dc08c2c6c037889124d4f59dffd853a659fa545f1b40/cffi-1.17.1-cp313-cp313-manylinux_2_17_s390x.manylinux2014_s390x.whl", hash = "sha256:c59d6e989d07460165cc5ad3c61f9fd8f1b4796eacbd81cee78957842b834af4", size = 471200, upload-time = "2024-09-04T20:44:36.743Z" },
    { url = "https://files.pythonhosted.org/packages/26/9f/1aab65a6c0db35f43c4d1b4f580e8df53914310afc10ae0397d29d697af4/cffi-1.17.1-cp313-cp313-manylinux_2_17_x86_64.manylinux2014_x86_64.whl", hash = "sha256:dd398dbc6773384a17fe0d3e7eeb8d1a21c2200473ee6806bb5e6a8e62bb73dd", size = 479447, upload-time = "2024-09-04T20:44:38.492Z" },
    { url = "https://files.pythonhosted.org/packages/5f/e4/fb8b3dd8dc0e98edf1135ff067ae070bb32ef9d509d6cb0f538cd6f7483f/cffi-1.17.1-cp313-cp313-musllinux_1_1_aarch64.whl", hash = "sha256:3edc8d958eb099c634dace3c7e16560ae474aa3803a5df240542b305d14e14ed", size = 484358, upload-time = "2024-09-04T20:44:40.046Z" },
    { url = "https://files.pythonhosted.org/packages/f1/47/d7145bf2dc04684935d57d67dff9d6d795b2ba2796806bb109864be3a151/cffi-1.17.1-cp313-cp313-musllinux_1_1_x86_64.whl", hash = "sha256:72e72408cad3d5419375fc87d289076ee319835bdfa2caad331e377589aebba9", size = 488469, upload-time = "2024-09-04T20:44:41.616Z" },
    { url = "https://files.pythonhosted.org/packages/bf/ee/f94057fa6426481d663b88637a9a10e859e492c73d0384514a17d78ee205/cffi-1.17.1-cp313-cp313-win32.whl", hash = "sha256:e03eab0a8677fa80d646b5ddece1cbeaf556c313dcfac435ba11f107ba117b5d", size = 172475, upload-time = "2024-09-04T20:44:43.733Z" },
    { url = "https://files.pythonhosted.org/packages/7c/fc/6a8cb64e5f0324877d503c854da15d76c1e50eb722e320b15345c4d0c6de/cffi-1.17.1-cp313-cp313-win_amd64.whl", hash = "sha256:f6a16c31041f09ead72d69f583767292f750d24913dadacf5756b966aacb3f1a", size = 182009, upload-time = "2024-09-04T20:44:45.309Z" },
]

[[package]]
name = "charset-normalizer"
version = "3.4.2"
source = { registry = "https://pypi.org/simple" }
sdist = { url = "https://files.pythonhosted.org/packages/e4/33/89c2ced2b67d1c2a61c19c6751aa8902d46ce3dacb23600a283619f5a12d/charset_normalizer-3.4.2.tar.gz", hash = "sha256:5baececa9ecba31eff645232d59845c07aa030f0c81ee70184a90d35099a0e63", size = 126367, upload-time = "2025-05-02T08:34:42.01Z" }
wheels = [
    { url = "https://files.pythonhosted.org/packages/ea/12/a93df3366ed32db1d907d7593a94f1fe6293903e3e92967bebd6950ed12c/charset_normalizer-3.4.2-cp313-cp313-macosx_10_13_universal2.whl", hash = "sha256:926ca93accd5d36ccdabd803392ddc3e03e6d4cd1cf17deff3b989ab8e9dbcf0", size = 199622, upload-time = "2025-05-02T08:32:56.363Z" },
    { url = "https://files.pythonhosted.org/packages/04/93/bf204e6f344c39d9937d3c13c8cd5bbfc266472e51fc8c07cb7f64fcd2de/charset_normalizer-3.4.2-cp313-cp313-manylinux_2_17_aarch64.manylinux2014_aarch64.whl", hash = "sha256:eba9904b0f38a143592d9fc0e19e2df0fa2e41c3c3745554761c5f6447eedabf", size = 143435, upload-time = "2025-05-02T08:32:58.551Z" },
    { url = "https://files.pythonhosted.org/packages/22/2a/ea8a2095b0bafa6c5b5a55ffdc2f924455233ee7b91c69b7edfcc9e02284/charset_normalizer-3.4.2-cp313-cp313-manylinux_2_17_ppc64le.manylinux2014_ppc64le.whl", hash = "sha256:3fddb7e2c84ac87ac3a947cb4e66d143ca5863ef48e4a5ecb83bd48619e4634e", size = 153653, upload-time = "2025-05-02T08:33:00.342Z" },
    { url = "https://files.pythonhosted.org/packages/b6/57/1b090ff183d13cef485dfbe272e2fe57622a76694061353c59da52c9a659/charset_normalizer-3.4.2-cp313-cp313-manylinux_2_17_s390x.manylinux2014_s390x.whl", hash = "sha256:98f862da73774290f251b9df8d11161b6cf25b599a66baf087c1ffe340e9bfd1", size = 146231, upload-time = "2025-05-02T08:33:02.081Z" },
    { url = "https://files.pythonhosted.org/packages/e2/28/ffc026b26f441fc67bd21ab7f03b313ab3fe46714a14b516f931abe1a2d8/charset_normalizer-3.4.2-cp313-cp313-manylinux_2_17_x86_64.manylinux2014_x86_64.whl", hash = "sha256:6c9379d65defcab82d07b2a9dfbfc2e95bc8fe0ebb1b176a3190230a3ef0e07c", size = 148243, upload-time = "2025-05-02T08:33:04.063Z" },
    { url = "https://files.pythonhosted.org/packages/c0/0f/9abe9bd191629c33e69e47c6ef45ef99773320e9ad8e9cb08b8ab4a8d4cb/charset_normalizer-3.4.2-cp313-cp313-manylinux_2_5_i686.manylinux1_i686.manylinux_2_17_i686.manylinux2014_i686.whl", hash = "sha256:e635b87f01ebc977342e2697d05b56632f5f879a4f15955dfe8cef2448b51691", size = 150442, upload-time = "2025-05-02T08:33:06.418Z" },
    { url = "https://files.pythonhosted.org/packages/67/7c/a123bbcedca91d5916c056407f89a7f5e8fdfce12ba825d7d6b9954a1a3c/charset_normalizer-3.4.2-cp313-cp313-musllinux_1_2_aarch64.whl", hash = "sha256:1c95a1e2902a8b722868587c0e1184ad5c55631de5afc0eb96bc4b0d738092c0", size = 145147, upload-time = "2025-05-02T08:33:08.183Z" },
    { url = "https://files.pythonhosted.org/packages/ec/fe/1ac556fa4899d967b83e9893788e86b6af4d83e4726511eaaad035e36595/charset_normalizer-3.4.2-cp313-cp313-musllinux_1_2_i686.whl", hash = "sha256:ef8de666d6179b009dce7bcb2ad4c4a779f113f12caf8dc77f0162c29d20490b", size = 153057, upload-time = "2025-05-02T08:33:09.986Z" },
    { url = "https://files.pythonhosted.org/packages/2b/ff/acfc0b0a70b19e3e54febdd5301a98b72fa07635e56f24f60502e954c461/charset_normalizer-3.4.2-cp313-cp313-musllinux_1_2_ppc64le.whl", hash = "sha256:32fc0341d72e0f73f80acb0a2c94216bd704f4f0bce10aedea38f30502b271ff", size = 156454, upload-time = "2025-05-02T08:33:11.814Z" },
    { url = "https://files.pythonhosted.org/packages/92/08/95b458ce9c740d0645feb0e96cea1f5ec946ea9c580a94adfe0b617f3573/charset_normalizer-3.4.2-cp313-cp313-musllinux_1_2_s390x.whl", hash = "sha256:289200a18fa698949d2b39c671c2cc7a24d44096784e76614899a7ccf2574b7b", size = 154174, upload-time = "2025-05-02T08:33:13.707Z" },
    { url = "https://files.pythonhosted.org/packages/78/be/8392efc43487ac051eee6c36d5fbd63032d78f7728cb37aebcc98191f1ff/charset_normalizer-3.4.2-cp313-cp313-musllinux_1_2_x86_64.whl", hash = "sha256:4a476b06fbcf359ad25d34a057b7219281286ae2477cc5ff5e3f70a246971148", size = 149166, upload-time = "2025-05-02T08:33:15.458Z" },
    { url = "https://files.pythonhosted.org/packages/44/96/392abd49b094d30b91d9fbda6a69519e95802250b777841cf3bda8fe136c/charset_normalizer-3.4.2-cp313-cp313-win32.whl", hash = "sha256:aaeeb6a479c7667fbe1099af9617c83aaca22182d6cf8c53966491a0f1b7ffb7", size = 98064, upload-time = "2025-05-02T08:33:17.06Z" },
    { url = "https://files.pythonhosted.org/packages/e9/b0/0200da600134e001d91851ddc797809e2fe0ea72de90e09bec5a2fbdaccb/charset_normalizer-3.4.2-cp313-cp313-win_amd64.whl", hash = "sha256:aa6af9e7d59f9c12b33ae4e9450619cf2488e2bbe9b44030905877f0b2324980", size = 105641, upload-time = "2025-05-02T08:33:18.753Z" },
    { url = "https://files.pythonhosted.org/packages/20/94/c5790835a017658cbfabd07f3bfb549140c3ac458cfc196323996b10095a/charset_normalizer-3.4.2-py3-none-any.whl", hash = "sha256:7f56930ab0abd1c45cd15be65cc741c28b1c9a34876ce8c17a2fa107810c0af0", size = 52626, upload-time = "2025-05-02T08:34:40.053Z" },
]

[[package]]
name = "click"
version = "8.2.1"
source = { registry = "https://pypi.org/simple" }
dependencies = [
    { name = "colorama", marker = "sys_platform == 'win32'" },
]
sdist = { url = "https://files.pythonhosted.org/packages/60/6c/8ca2efa64cf75a977a0d7fac081354553ebe483345c734fb6b6515d96bbc/click-8.2.1.tar.gz", hash = "sha256:27c491cc05d968d271d5a1db13e3b5a184636d9d930f148c50b038f0d0646202", size = 286342, upload-time = "2025-05-20T23:19:49.832Z" }
wheels = [
    { url = "https://files.pythonhosted.org/packages/85/32/10bb5764d90a8eee674e9dc6f4db6a0ab47c8c4d0d83c27f7c39ac415a4d/click-8.2.1-py3-none-any.whl", hash = "sha256:61a3265b914e850b85317d0b3109c7f8cd35a670f963866005d6ef1d5175a12b", size = 102215, upload-time = "2025-05-20T23:19:47.796Z" },
]

[[package]]
name = "colorama"
version = "0.4.6"
source = { registry = "https://pypi.org/simple" }
sdist = { url = "https://files.pythonhosted.org/packages/d8/53/6f443c9a4a8358a93a6792e2acffb9d9d5cb0a5cfd8802644b7b1c9a02e4/colorama-0.4.6.tar.gz", hash = "sha256:08695f5cb7ed6e0531a20572697297273c47b8cae5a63ffc6d6ed5c201be6e44", size = 27697, upload-time = "2022-10-25T02:36:22.414Z" }
wheels = [
    { url = "https://files.pythonhosted.org/packages/d1/d6/3965ed04c63042e047cb6a3e6ed1a63a35087b6a609aa3a15ed8ac56c221/colorama-0.4.6-py2.py3-none-any.whl", hash = "sha256:4f1d9991f5acc0ca119f9d443620b77f9d6b33703e51011c16baf57afb285fc6", size = 25335, upload-time = "2022-10-25T02:36:20.889Z" },
]

[[package]]
name = "cryptography"
version = "45.0.5"
source = { registry = "https://pypi.org/simple" }
dependencies = [
    { name = "cffi", marker = "platform_python_implementation != 'PyPy'" },
]
sdist = { url = "https://files.pythonhosted.org/packages/95/1e/49527ac611af559665f71cbb8f92b332b5ec9c6fbc4e88b0f8e92f5e85df/cryptography-45.0.5.tar.gz", hash = "sha256:72e76caa004ab63accdf26023fccd1d087f6d90ec6048ff33ad0445abf7f605a", size = 744903, upload-time = "2025-07-02T13:06:25.941Z" }
wheels = [
    { url = "https://files.pythonhosted.org/packages/f0/fb/09e28bc0c46d2c547085e60897fea96310574c70fb21cd58a730a45f3403/cryptography-45.0.5-cp311-abi3-macosx_10_9_universal2.whl", hash = "sha256:101ee65078f6dd3e5a028d4f19c07ffa4dd22cce6a20eaa160f8b5219911e7d8", size = 7043092, upload-time = "2025-07-02T13:05:01.514Z" },
    { url = "https://files.pythonhosted.org/packages/b1/05/2194432935e29b91fb649f6149c1a4f9e6d3d9fc880919f4ad1bcc22641e/cryptography-45.0.5-cp311-abi3-manylinux2014_aarch64.manylinux_2_17_aarch64.whl", hash = "sha256:3a264aae5f7fbb089dbc01e0242d3b67dffe3e6292e1f5182122bdf58e65215d", size = 4205926, upload-time = "2025-07-02T13:05:04.741Z" },
    { url = "https://files.pythonhosted.org/packages/07/8b/9ef5da82350175e32de245646b1884fc01124f53eb31164c77f95a08d682/cryptography-45.0.5-cp311-abi3-manylinux2014_x86_64.manylinux_2_17_x86_64.whl", hash = "sha256:e74d30ec9c7cb2f404af331d5b4099a9b322a8a6b25c4632755c8757345baac5", size = 4429235, upload-time = "2025-07-02T13:05:07.084Z" },
    { url = "https://files.pythonhosted.org/packages/7c/e1/c809f398adde1994ee53438912192d92a1d0fc0f2d7582659d9ef4c28b0c/cryptography-45.0.5-cp311-abi3-manylinux_2_28_aarch64.whl", hash = "sha256:3af26738f2db354aafe492fb3869e955b12b2ef2e16908c8b9cb928128d42c57", size = 4209785, upload-time = "2025-07-02T13:05:09.321Z" },
    { url = "https://files.pythonhosted.org/packages/d0/8b/07eb6bd5acff58406c5e806eff34a124936f41a4fb52909ffa4d00815f8c/cryptography-45.0.5-cp311-abi3-manylinux_2_28_armv7l.manylinux_2_31_armv7l.whl", hash = "sha256:e6c00130ed423201c5bc5544c23359141660b07999ad82e34e7bb8f882bb78e0", size = 3893050, upload-time = "2025-07-02T13:05:11.069Z" },
    { url = "https://files.pythonhosted.org/packages/ec/ef/3333295ed58d900a13c92806b67e62f27876845a9a908c939f040887cca9/cryptography-45.0.5-cp311-abi3-manylinux_2_28_x86_64.whl", hash = "sha256:dd420e577921c8c2d31289536c386aaa30140b473835e97f83bc71ea9d2baf2d", size = 4457379, upload-time = "2025-07-02T13:05:13.32Z" },
    { url = "https://files.pythonhosted.org/packages/d9/9d/44080674dee514dbb82b21d6fa5d1055368f208304e2ab1828d85c9de8f4/cryptography-45.0.5-cp311-abi3-manylinux_2_34_aarch64.whl", hash = "sha256:d05a38884db2ba215218745f0781775806bde4f32e07b135348355fe8e4991d9", size = 4209355, upload-time = "2025-07-02T13:05:15.017Z" },
    { url = "https://files.pythonhosted.org/packages/c9/d8/0749f7d39f53f8258e5c18a93131919ac465ee1f9dccaf1b3f420235e0b5/cryptography-45.0.5-cp311-abi3-manylinux_2_34_x86_64.whl", hash = "sha256:ad0caded895a00261a5b4aa9af828baede54638754b51955a0ac75576b831b27", size = 4456087, upload-time = "2025-07-02T13:05:16.945Z" },
    { url = "https://files.pythonhosted.org/packages/09/d7/92acac187387bf08902b0bf0699816f08553927bdd6ba3654da0010289b4/cryptography-45.0.5-cp311-abi3-musllinux_1_2_aarch64.whl", hash = "sha256:9024beb59aca9d31d36fcdc1604dd9bbeed0a55bface9f1908df19178e2f116e", size = 4332873, upload-time = "2025-07-02T13:05:18.743Z" },
    { url = "https://files.pythonhosted.org/packages/03/c2/840e0710da5106a7c3d4153c7215b2736151bba60bf4491bdb421df5056d/cryptography-45.0.5-cp311-abi3-musllinux_1_2_x86_64.whl", hash = "sha256:91098f02ca81579c85f66df8a588c78f331ca19089763d733e34ad359f474174", size = 4564651, upload-time = "2025-07-02T13:05:21.382Z" },
    { url = "https://files.pythonhosted.org/packages/2e/92/cc723dd6d71e9747a887b94eb3827825c6c24b9e6ce2bb33b847d31d5eaa/cryptography-45.0.5-cp311-abi3-win32.whl", hash = "sha256:926c3ea71a6043921050eaa639137e13dbe7b4ab25800932a8498364fc1abec9", size = 2929050, upload-time = "2025-07-02T13:05:23.39Z" },
    { url = "https://files.pythonhosted.org/packages/1f/10/197da38a5911a48dd5389c043de4aec4b3c94cb836299b01253940788d78/cryptography-45.0.5-cp311-abi3-win_amd64.whl", hash = "sha256:b85980d1e345fe769cfc57c57db2b59cff5464ee0c045d52c0df087e926fbe63", size = 3403224, upload-time = "2025-07-02T13:05:25.202Z" },
    { url = "https://files.pythonhosted.org/packages/fe/2b/160ce8c2765e7a481ce57d55eba1546148583e7b6f85514472b1d151711d/cryptography-45.0.5-cp37-abi3-macosx_10_9_universal2.whl", hash = "sha256:f3562c2f23c612f2e4a6964a61d942f891d29ee320edb62ff48ffb99f3de9ae8", size = 7017143, upload-time = "2025-07-02T13:05:27.229Z" },
    { url = "https://files.pythonhosted.org/packages/c2/e7/2187be2f871c0221a81f55ee3105d3cf3e273c0a0853651d7011eada0d7e/cryptography-45.0.5-cp37-abi3-manylinux2014_aarch64.manylinux_2_17_aarch64.whl", hash = "sha256:3fcfbefc4a7f332dece7272a88e410f611e79458fab97b5efe14e54fe476f4fd", size = 4197780, upload-time = "2025-07-02T13:05:29.299Z" },
    { url = "https://files.pythonhosted.org/packages/b9/cf/84210c447c06104e6be9122661159ad4ce7a8190011669afceeaea150524/cryptography-45.0.5-cp37-abi3-manylinux2014_x86_64.manylinux_2_17_x86_64.whl", hash = "sha256:460f8c39ba66af7db0545a8c6f2eabcbc5a5528fc1cf6c3fa9a1e44cec33385e", size = 4420091, upload-time = "2025-07-02T13:05:31.221Z" },
    { url = "https://files.pythonhosted.org/packages/3e/6a/cb8b5c8bb82fafffa23aeff8d3a39822593cee6e2f16c5ca5c2ecca344f7/cryptography-45.0.5-cp37-abi3-manylinux_2_28_aarch64.whl", hash = "sha256:9b4cf6318915dccfe218e69bbec417fdd7c7185aa7aab139a2c0beb7468c89f0", size = 4198711, upload-time = "2025-07-02T13:05:33.062Z" },
    { url = "https://files.pythonhosted.org/packages/04/f7/36d2d69df69c94cbb2473871926daf0f01ad8e00fe3986ac3c1e8c4ca4b3/cryptography-45.0.5-cp37-abi3-manylinux_2_28_armv7l.manylinux_2_31_armv7l.whl", hash = "sha256:2089cc8f70a6e454601525e5bf2779e665d7865af002a5dec8d14e561002e135", size = 3883299, upload-time = "2025-07-02T13:05:34.94Z" },
    { url = "https://files.pythonhosted.org/packages/82/c7/f0ea40f016de72f81288e9fe8d1f6748036cb5ba6118774317a3ffc6022d/cryptography-45.0.5-cp37-abi3-manylinux_2_28_x86_64.whl", hash = "sha256:0027d566d65a38497bc37e0dd7c2f8ceda73597d2ac9ba93810204f56f52ebc7", size = 4450558, upload-time = "2025-07-02T13:05:37.288Z" },
    { url = "https://files.pythonhosted.org/packages/06/ae/94b504dc1a3cdf642d710407c62e86296f7da9e66f27ab12a1ee6fdf005b/cryptography-45.0.5-cp37-abi3-manylinux_2_34_aarch64.whl", hash = "sha256:be97d3a19c16a9be00edf79dca949c8fa7eff621763666a145f9f9535a5d7f42", size = 4198020, upload-time = "2025-07-02T13:05:39.102Z" },
    { url = "https://files.pythonhosted.org/packages/05/2b/aaf0adb845d5dabb43480f18f7ca72e94f92c280aa983ddbd0bcd6ecd037/cryptography-45.0.5-cp37-abi3-manylinux_2_34_x86_64.whl", hash = "sha256:7760c1c2e1a7084153a0f68fab76e754083b126a47d0117c9ed15e69e2103492", size = 4449759, upload-time = "2025-07-02T13:05:41.398Z" },
    { url = "https://files.pythonhosted.org/packages/91/e4/f17e02066de63e0100a3a01b56f8f1016973a1d67551beaf585157a86b3f/cryptography-45.0.5-cp37-abi3-musllinux_1_2_aarch64.whl", hash = "sha256:6ff8728d8d890b3dda5765276d1bc6fb099252915a2cd3aff960c4c195745dd0", size = 4319991, upload-time = "2025-07-02T13:05:43.64Z" },
    { url = "https://files.pythonhosted.org/packages/f2/2e/e2dbd629481b499b14516eed933f3276eb3239f7cee2dcfa4ee6b44d4711/cryptography-45.0.5-cp37-abi3-musllinux_1_2_x86_64.whl", hash = "sha256:7259038202a47fdecee7e62e0fd0b0738b6daa335354396c6ddebdbe1206af2a", size = 4554189, upload-time = "2025-07-02T13:05:46.045Z" },
    { url = "https://files.pythonhosted.org/packages/f8/ea/a78a0c38f4c8736287b71c2ea3799d173d5ce778c7d6e3c163a95a05ad2a/cryptography-45.0.5-cp37-abi3-win32.whl", hash = "sha256:1e1da5accc0c750056c556a93c3e9cb828970206c68867712ca5805e46dc806f", size = 2911769, upload-time = "2025-07-02T13:05:48.329Z" },
    { url = "https://files.pythonhosted.org/packages/79/b3/28ac139109d9005ad3f6b6f8976ffede6706a6478e21c889ce36c840918e/cryptography-45.0.5-cp37-abi3-win_amd64.whl", hash = "sha256:90cb0a7bb35959f37e23303b7eed0a32280510030daba3f7fdfbb65defde6a97", size = 3390016, upload-time = "2025-07-02T13:05:50.811Z" },
]

[[package]]
name = "defusedxml"
version = "0.7.1"
source = { registry = "https://pypi.org/simple" }
sdist = { url = "https://files.pythonhosted.org/packages/0f/d5/c66da9b79e5bdb124974bfe172b4daf3c984ebd9c2a06e2b8a4dc7331c72/defusedxml-0.7.1.tar.gz", hash = "sha256:1bb3032db185915b62d7c6209c5a8792be6a32ab2fedacc84e01b52c51aa3e69", size = 75520, upload-time = "2021-03-08T10:59:26.269Z" }
wheels = [
    { url = "https://files.pythonhosted.org/packages/07/6c/aa3f2f849e01cb6a001cd8554a88d4c77c5c1a31c95bdf1cf9301e6d9ef4/defusedxml-0.7.1-py2.py3-none-any.whl", hash = "sha256:a352e7e428770286cc899e2542b6cdaedb2b4953ff269a210103ec58f6198a61", size = 25604, upload-time = "2021-03-08T10:59:24.45Z" },
]

[[package]]
name = "dj-database-url"
version = "3.0.1"
source = { registry = "https://pypi.org/simple" }
dependencies = [
    { name = "django" },
]
sdist = { url = "https://files.pythonhosted.org/packages/75/05/2ec51009f4ce424877dbd8ad95868faec0c3494ed0ff1635f9ab53d9e0ee/dj_database_url-3.0.1.tar.gz", hash = "sha256:8994961efb888fc6bf8c41550870c91f6f7691ca751888ebaa71442b7f84eff8", size = 12556, upload-time = "2025-07-02T09:40:11.424Z" }
wheels = [
    { url = "https://files.pythonhosted.org/packages/aa/5e/86a43c6fdaa41c12d58e4ff3ebbfd6b71a7cb0360a08614e3754ef2e9afb/dj_database_url-3.0.1-py3-none-any.whl", hash = "sha256:43950018e1eeea486bf11136384aec0fe55b29fe6fd8a44553231b85661d9383", size = 8808, upload-time = "2025-07-02T09:40:26.326Z" },
]

[[package]]
name = "django"
version = "5.2.4"
source = { registry = "https://pypi.org/simple" }
dependencies = [
    { name = "asgiref" },
    { name = "sqlparse" },
    { name = "tzdata", marker = "sys_platform == 'win32'" },
]
sdist = { url = "https://files.pythonhosted.org/packages/9c/7e/034f0f9fb10c029a02daaf44d364d6bf2eced8c73f0d38c69da359d26b01/django-5.2.4.tar.gz", hash = "sha256:a1228c384f8fa13eebc015196db7b3e08722c5058d4758d20cb287503a540d8f", size = 10831909, upload-time = "2025-07-02T18:47:39.19Z" }
wheels = [
    { url = "https://files.pythonhosted.org/packages/14/ae/706965237a672434c8b520e89a818e8b047af94e9beb342d0bee405c26c7/django-5.2.4-py3-none-any.whl", hash = "sha256:60c35bd96201b10c6e7a78121bd0da51084733efa303cc19ead021ab179cef5e", size = 8302187, upload-time = "2025-07-02T18:47:35.373Z" },
]

[[package]]
name = "django-cors-headers"
version = "4.7.0"
source = { registry = "https://pypi.org/simple" }
dependencies = [
    { name = "asgiref" },
    { name = "django" },
]
sdist = { url = "https://files.pythonhosted.org/packages/93/6c/16f6cb6064c63074fd5b2bd494eb319afd846236d9c1a6c765946df2c289/django_cors_headers-4.7.0.tar.gz", hash = "sha256:6fdf31bf9c6d6448ba09ef57157db2268d515d94fc5c89a0a1028e1fc03ee52b", size = 21037, upload-time = "2025-02-06T22:15:28.924Z" }
wheels = [
    { url = "https://files.pythonhosted.org/packages/7e/a2/7bcfff86314bd9dd698180e31ba00604001606efb518a06cca6833a54285/django_cors_headers-4.7.0-py3-none-any.whl", hash = "sha256:f1c125dcd58479fe7a67fe2499c16ee38b81b397463cf025f0e2c42937421070", size = 12794, upload-time = "2025-02-06T22:15:24.341Z" },
]

[[package]]
name = "django-storages"
version = "1.14.6"
source = { registry = "https://pypi.org/simple" }
dependencies = [
    { name = "django" },
]
sdist = { url = "https://files.pythonhosted.org/packages/ff/d6/2e50e378fff0408d558f36c4acffc090f9a641fd6e084af9e54d45307efa/django_storages-1.14.6.tar.gz", hash = "sha256:7a25ce8f4214f69ac9c7ce87e2603887f7ae99326c316bc8d2d75375e09341c9", size = 87587, upload-time = "2025-04-02T02:34:55.103Z" }
wheels = [
    { url = "https://files.pythonhosted.org/packages/1f/21/3cedee63417bc5553eed0c204be478071c9ab208e5e259e97287590194f1/django_storages-1.14.6-py3-none-any.whl", hash = "sha256:11b7b6200e1cb5ffcd9962bd3673a39c7d6a6109e8096f0e03d46fab3d3aabd9", size = 33095, upload-time = "2025-04-02T02:34:53.291Z" },
]

[[package]]
name = "djangorestframework"
version = "3.16.0"
source = { registry = "https://pypi.org/simple" }
dependencies = [
    { name = "django" },
]
sdist = { url = "https://files.pythonhosted.org/packages/7d/97/112c5a72e6917949b6d8a18ad6c6e72c46da4290c8f36ee5f1c1dcbc9901/djangorestframework-3.16.0.tar.gz", hash = "sha256:f022ff46613584de994c0c6a4aebbace5fd700555fbe9d33b865ebf173eba6c9", size = 1068408, upload-time = "2025-03-28T14:18:42.065Z" }
wheels = [
    { url = "https://files.pythonhosted.org/packages/eb/3e/2448e93f4f87fc9a9f35e73e3c05669e0edd0c2526834686e949bb1fd303/djangorestframework-3.16.0-py3-none-any.whl", hash = "sha256:bea7e9f6b96a8584c5224bfb2e4348dfb3f8b5e34edbecb98da258e892089361", size = 1067305, upload-time = "2025-03-28T14:18:39.489Z" },
]

[[package]]
name = "djangorestframework-simplejwt"
version = "5.5.0"
source = { registry = "https://pypi.org/simple" }
dependencies = [
    { name = "django" },
    { name = "djangorestframework" },
    { name = "pyjwt" },
]
sdist = { url = "https://files.pythonhosted.org/packages/db/1e/0d4439d0fa1d93599fbcfc56efdc02cbf012e3a4b4ef90c835e0a51017d4/djangorestframework_simplejwt-5.5.0.tar.gz", hash = "sha256:474a1b737067e6462b3609627a392d13a4da8a08b1f0574104ac6d7b1406f90e", size = 97946, upload-time = "2025-02-26T19:36:01.717Z" }
wheels = [
    { url = "https://files.pythonhosted.org/packages/42/b4/d1c1750aa7c8cc07e4974275f96b9b9b3a38e95ff734e14b4e97790c8974/djangorestframework_simplejwt-5.5.0-py3-none-any.whl", hash = "sha256:4ef6b38af20cdde4a4a51d1fd8e063cbbabb7b45f149cc885d38d905c5a62edb", size = 103480, upload-time = "2025-02-26T19:36:29.04Z" },
]

[[package]]
name = "djoser"
version = "2.3.1"
source = { registry = "https://pypi.org/simple" }
dependencies = [
    { name = "django" },
    { name = "djangorestframework-simplejwt" },
    { name = "social-auth-app-django" },
]
sdist = { url = "https://files.pythonhosted.org/packages/01/4a/d5bb069b49199c9fd0dc33c25dd7a6c15152926c47d73a560b6fde3bd2fb/djoser-2.3.1.tar.gz", hash = "sha256:4e7e2716b5b961f1289b5e49b2216ba5c18eb2a3b4b597dd6430638716ff5107", size = 33806, upload-time = "2024-11-09T16:57:50.682Z" }
wheels = [
    { url = "https://files.pythonhosted.org/packages/ea/77/eae6f6ae6b71d578d08f7eee7c0965cff59a270cf024ecdcbb8048fc7a4b/djoser-2.3.1-py3-none-any.whl", hash = "sha256:386f337b9e05cb82354525fe2b6fec19fb1743e93e53b5b4b9dfaffccc38789f", size = 64215, upload-time = "2024-11-09T16:57:49.603Z" },
]

[[package]]
name = "gunicorn"
version = "23.0.0"
source = { registry = "https://pypi.org/simple" }
dependencies = [
    { name = "packaging" },
]
sdist = { url = "https://files.pythonhosted.org/packages/34/72/9614c465dc206155d93eff0ca20d42e1e35afc533971379482de953521a4/gunicorn-23.0.0.tar.gz", hash = "sha256:f014447a0101dc57e294f6c18ca6b40227a4c90e9bdb586042628030cba004ec", size = 375031, upload-time = "2024-08-10T20:25:27.378Z" }
wheels = [
    { url = "https://files.pythonhosted.org/packages/cb/7d/6dac2a6e1eba33ee43f318edbed4ff29151a49b5d37f080aad1e6469bca4/gunicorn-23.0.0-py3-none-any.whl", hash = "sha256:ec400d38950de4dfd418cff8328b2c8faed0edb0d517d3394e457c317908ca4d", size = 85029, upload-time = "2024-08-10T20:25:24.996Z" },
]

[[package]]
name = "h11"
version = "0.16.0"
source = { registry = "https://pypi.org/simple" }
sdist = { url = "https://files.pythonhosted.org/packages/01/ee/02a2c011bdab74c6fb3c75474d40b3052059d95df7e73351460c8588d963/h11-0.16.0.tar.gz", hash = "sha256:4e35b956cf45792e4caa5885e69fba00bdbc6ffafbfa020300e549b208ee5ff1", size = 101250, upload-time = "2025-04-24T03:35:25.427Z" }
wheels = [
    { url = "https://files.pythonhosted.org/packages/04/4b/29cac41a4d98d144bf5f6d33995617b185d14b22401f75ca86f384e87ff1/h11-0.16.0-py3-none-any.whl", hash = "sha256:63cf8bbe7522de3bf65932fda1d9c2772064ffb3dae62d55932da54b31cb6c86", size = 37515, upload-time = "2025-04-24T03:35:24.344Z" },
]

[[package]]
name = "idna"
version = "3.10"
source = { registry = "https://pypi.org/simple" }
sdist = { url = "https://files.pythonhosted.org/packages/f1/70/7703c29685631f5a7590aa73f1f1d3fa9a380e654b86af429e0934a32f7d/idna-3.10.tar.gz", hash = "sha256:12f65c9b470abda6dc35cf8e63cc574b1c52b11df2c86030af0ac09b01b13ea9", size = 190490, upload-time = "2024-09-15T18:07:39.745Z" }
wheels = [
    { url = "https://files.pythonhosted.org/packages/76/c6/c88e154df9c4e1a2a66ccf0005a88dfb2650c1dffb6f5ce603dfbd452ce3/idna-3.10-py3-none-any.whl", hash = "sha256:946d195a0d259cbba61165e88e65941f16e9b36ea6ddb97f00452bae8b1287d3", size = 70442, upload-time = "2024-09-15T18:07:37.964Z" },
]

[[package]]
name = "oauthlib"
version = "3.3.1"
source = { registry = "https://pypi.org/simple" }
sdist = { url = "https://files.pythonhosted.org/packages/0b/5f/19930f824ffeb0ad4372da4812c50edbd1434f678c90c2733e1188edfc63/oauthlib-3.3.1.tar.gz", hash = "sha256:0f0f8aa759826a193cf66c12ea1af1637f87b9b4622d46e866952bb022e538c9", size = 185918, upload-time = "2025-06-19T22:48:08.269Z" }
wheels = [
    { url = "https://files.pythonhosted.org/packages/be/9c/92789c596b8df838baa98fa71844d84283302f7604ed565dafe5a6b5041a/oauthlib-3.3.1-py3-none-any.whl", hash = "sha256:88119c938d2b8fb88561af5f6ee0eec8cc8d552b7bb1f712743136eb7523b7a1", size = 160065, upload-time = "2025-06-19T22:48:06.508Z" },
]

[[package]]
name = "packaging"
version = "25.0"
source = { registry = "https://pypi.org/simple" }
sdist = { url = "https://files.pythonhosted.org/packages/a1/d4/1fc4078c65507b51b96ca8f8c3ba19e6a61c8253c72794544580a7b6c24d/packaging-25.0.tar.gz", hash = "sha256:d443872c98d677bf60f6a1f2f8c1cb748e8fe762d2bf9d3148b5599295b0fc4f", size = 165727, upload-time = "2025-04-19T11:48:59.673Z" }
wheels = [
    { url = "https://files.pythonhosted.org/packages/20/12/38679034af332785aac8774540895e234f4d07f7545804097de4b666afd8/packaging-25.0-py3-none-any.whl", hash = "sha256:29572ef2b1f17581046b3a2227d5c611fb25ec70ca1ba8554b24b0e69331a484", size = 66469, upload-time = "2025-04-19T11:48:57.875Z" },
]

[[package]]
name = "psycopg2-binary"
version = "2.9.10"
source = { registry = "https://pypi.org/simple" }
sdist = { url = "https://files.pythonhosted.org/packages/cb/0e/bdc8274dc0585090b4e3432267d7be4dfbfd8971c0fa59167c711105a6bf/psycopg2-binary-2.9.10.tar.gz", hash = "sha256:4b3df0e6990aa98acda57d983942eff13d824135fe2250e6522edaa782a06de2", size = 385764, upload-time = "2024-10-16T11:24:58.126Z" }
wheels = [
    { url = "https://files.pythonhosted.org/packages/3e/30/d41d3ba765609c0763505d565c4d12d8f3c79793f0d0f044ff5a28bf395b/psycopg2_binary-2.9.10-cp313-cp313-macosx_12_0_x86_64.whl", hash = "sha256:26540d4a9a4e2b096f1ff9cce51253d0504dca5a85872c7f7be23be5a53eb18d", size = 3044699, upload-time = "2024-10-16T11:21:42.841Z" },
    { url = "https://files.pythonhosted.org/packages/35/44/257ddadec7ef04536ba71af6bc6a75ec05c5343004a7ec93006bee66c0bc/psycopg2_binary-2.9.10-cp313-cp313-macosx_14_0_arm64.whl", hash = "sha256:e217ce4d37667df0bc1c397fdcd8de5e81018ef305aed9415c3b093faaeb10fb", size = 3275245, upload-time = "2024-10-16T11:21:51.989Z" },
    { url = "https://files.pythonhosted.org/packages/1b/11/48ea1cd11de67f9efd7262085588790a95d9dfcd9b8a687d46caf7305c1a/psycopg2_binary-2.9.10-cp313-cp313-manylinux_2_17_aarch64.manylinux2014_aarch64.whl", hash = "sha256:245159e7ab20a71d989da00f280ca57da7641fa2cdcf71749c193cea540a74f7", size = 2851631, upload-time = "2024-10-16T11:21:57.584Z" },
    { url = "https://files.pythonhosted.org/packages/62/e0/62ce5ee650e6c86719d621a761fe4bc846ab9eff8c1f12b1ed5741bf1c9b/psycopg2_binary-2.9.10-cp313-cp313-manylinux_2_17_i686.manylinux2014_i686.whl", hash = "sha256:3c4ded1a24b20021ebe677b7b08ad10bf09aac197d6943bfe6fec70ac4e4690d", size = 3082140, upload-time = "2024-10-16T11:22:02.005Z" },
    { url = "https://files.pythonhosted.org/packages/27/ce/63f946c098611f7be234c0dd7cb1ad68b0b5744d34f68062bb3c5aa510c8/psycopg2_binary-2.9.10-cp313-cp313-manylinux_2_17_ppc64le.manylinux2014_ppc64le.whl", hash = "sha256:3abb691ff9e57d4a93355f60d4f4c1dd2d68326c968e7db17ea96df3c023ef73", size = 3264762, upload-time = "2024-10-16T11:22:06.412Z" },
    { url = "https://files.pythonhosted.org/packages/43/25/c603cd81402e69edf7daa59b1602bd41eb9859e2824b8c0855d748366ac9/psycopg2_binary-2.9.10-cp313-cp313-manylinux_2_17_x86_64.manylinux2014_x86_64.whl", hash = "sha256:8608c078134f0b3cbd9f89b34bd60a943b23fd33cc5f065e8d5f840061bd0673", size = 3020967, upload-time = "2024-10-16T11:22:11.583Z" },
    { url = "https://files.pythonhosted.org/packages/5f/d6/8708d8c6fca531057fa170cdde8df870e8b6a9b136e82b361c65e42b841e/psycopg2_binary-2.9.10-cp313-cp313-musllinux_1_2_aarch64.whl", hash = "sha256:230eeae2d71594103cd5b93fd29d1ace6420d0b86f4778739cb1a5a32f607d1f", size = 2872326, upload-time = "2024-10-16T11:22:16.406Z" },
    { url = "https://files.pythonhosted.org/packages/ce/ac/5b1ea50fc08a9df82de7e1771537557f07c2632231bbab652c7e22597908/psycopg2_binary-2.9.10-cp313-cp313-musllinux_1_2_i686.whl", hash = "sha256:bb89f0a835bcfc1d42ccd5f41f04870c1b936d8507c6df12b7737febc40f0909", size = 2822712, upload-time = "2024-10-16T11:22:21.366Z" },
    { url = "https://files.pythonhosted.org/packages/c4/fc/504d4503b2abc4570fac3ca56eb8fed5e437bf9c9ef13f36b6621db8ef00/psycopg2_binary-2.9.10-cp313-cp313-musllinux_1_2_ppc64le.whl", hash = "sha256:f0c2d907a1e102526dd2986df638343388b94c33860ff3bbe1384130828714b1", size = 2920155, upload-time = "2024-10-16T11:22:25.684Z" },
    { url = "https://files.pythonhosted.org/packages/b2/d1/323581e9273ad2c0dbd1902f3fb50c441da86e894b6e25a73c3fda32c57e/psycopg2_binary-2.9.10-cp313-cp313-musllinux_1_2_x86_64.whl", hash = "sha256:f8157bed2f51db683f31306aa497311b560f2265998122abe1dce6428bd86567", size = 2959356, upload-time = "2024-10-16T11:22:30.562Z" },
    { url = "https://files.pythonhosted.org/packages/08/50/d13ea0a054189ae1bc21af1d85b6f8bb9bbc5572991055d70ad9006fe2d6/psycopg2_binary-2.9.10-cp313-cp313-win_amd64.whl", hash = "sha256:27422aa5f11fbcd9b18da48373eb67081243662f9b46e6fd07c3eb46e4535142", size = 2569224, upload-time = "2025-01-04T20:09:19.234Z" },
]

[[package]]
name = "pycparser"
version = "2.22"
source = { registry = "https://pypi.org/simple" }
sdist = { url = "https://files.pythonhosted.org/packages/1d/b2/31537cf4b1ca988837256c910a668b553fceb8f069bedc4b1c826024b52c/pycparser-2.22.tar.gz", hash = "sha256:491c8be9c040f5390f5bf44a5b07752bd07f56edf992381b05c701439eec10f6", size = 172736, upload-time = "2024-03-30T13:22:22.564Z" }
wheels = [
    { url = "https://files.pythonhosted.org/packages/13/a3/a812df4e2dd5696d1f351d58b8fe16a405b234ad2886a0dab9183fb78109/pycparser-2.22-py3-none-any.whl", hash = "sha256:c3702b6d3dd8c7abc1afa565d7e63d53a1d0bd86cdc24edd75470f4de499cfcc", size = 117552, upload-time = "2024-03-30T13:22:20.476Z" },
]

[[package]]
name = "pyjwt"
version = "2.9.0"
source = { registry = "https://pypi.org/simple" }
sdist = { url = "https://files.pythonhosted.org/packages/fb/68/ce067f09fca4abeca8771fe667d89cc347d1e99da3e093112ac329c6020e/pyjwt-2.9.0.tar.gz", hash = "sha256:7e1e5b56cc735432a7369cbfa0efe50fa113ebecdc04ae6922deba8b84582d0c", size = 78825, upload-time = "2024-08-01T15:01:08.445Z" }
wheels = [
    { url = "https://files.pythonhosted.org/packages/79/84/0fdf9b18ba31d69877bd39c9cd6052b47f3761e9910c15de788e519f079f/PyJWT-2.9.0-py3-none-any.whl", hash = "sha256:3b02fb0f44517787776cf48f2ae25d8e14f300e6d7545a4315cee571a415e850", size = 22344, upload-time = "2024-08-01T15:01:06.481Z" },
]

[[package]]
name = "python-dotenv"
version = "1.1.1"
source = { registry = "https://pypi.org/simple" }
sdist = { url = "https://files.pythonhosted.org/packages/f6/b0/4bc07ccd3572a2f9df7e6782f52b0c6c90dcbb803ac4a167702d7d0dfe1e/python_dotenv-1.1.1.tar.gz", hash = "sha256:a8a6399716257f45be6a007360200409fce5cda2661e3dec71d23dc15f6189ab", size = 41978, upload-time = "2025-06-24T04:21:07.341Z" }
wheels = [
    { url = "https://files.pythonhosted.org/packages/5f/ed/539768cf28c661b5b068d66d96a2f155c4971a5d55684a514c1a0e0dec2f/python_dotenv-1.1.1-py3-none-any.whl", hash = "sha256:31f23644fe2602f88ff55e1f5c79ba497e01224ee7737937930c448e4d0e24dc", size = 20556, upload-time = "2025-06-24T04:21:06.073Z" },
]

[[package]]
name = "python3-openid"
version = "3.2.0"
source = { registry = "https://pypi.org/simple" }
dependencies = [
    { name = "defusedxml" },
]
sdist = { url = "https://files.pythonhosted.org/packages/5f/4a/29feb8da6c44f77007dcd29518fea73a3d5653ee02a587ae1f17f1f5ddb5/python3-openid-3.2.0.tar.gz", hash = "sha256:33fbf6928f401e0b790151ed2b5290b02545e8775f982485205a066f874aaeaf", size = 305600, upload-time = "2020-06-29T12:15:49.026Z" }
wheels = [
    { url = "https://files.pythonhosted.org/packages/e0/a5/c6ba13860bdf5525f1ab01e01cc667578d6f1efc8a1dba355700fb04c29b/python3_openid-3.2.0-py3-none-any.whl", hash = "sha256:6626f771e0417486701e0b4daff762e7212e820ca5b29fcc0d05f6f8736dfa6b", size = 133681, upload-time = "2020-06-29T12:15:47.502Z" },
]

[[package]]
name = "requests"
version = "2.32.4"
source = { registry = "https://pypi.org/simple" }
dependencies = [
    { name = "certifi" },
    { name = "charset-normalizer" },
    { name = "idna" },
    { name = "urllib3" },
]
sdist = { url = "https://files.pythonhosted.org/packages/e1/0a/929373653770d8a0d7ea76c37de6e41f11eb07559b103b1c02cafb3f7cf8/requests-2.32.4.tar.gz", hash = "sha256:27d0316682c8a29834d3264820024b62a36942083d52caf2f14c0591336d3422", size = 135258, upload-time = "2025-06-09T16:43:07.34Z" }
wheels = [
    { url = "https://files.pythonhosted.org/packages/7c/e4/56027c4a6b4ae70ca9de302488c5ca95ad4a39e190093d6c1a8ace08341b/requests-2.32.4-py3-none-any.whl", hash = "sha256:27babd3cda2a6d50b30443204ee89830707d396671944c998b5975b031ac2b2c", size = 64847, upload-time = "2025-06-09T16:43:05.728Z" },
]

[[package]]
name = "requests-oauthlib"
version = "2.0.0"
source = { registry = "https://pypi.org/simple" }
dependencies = [
    { name = "oauthlib" },
    { name = "requests" },
]
sdist = { url = "https://files.pythonhosted.org/packages/42/f2/05f29bc3913aea15eb670be136045bf5c5bbf4b99ecb839da9b422bb2c85/requests-oauthlib-2.0.0.tar.gz", hash = "sha256:b3dffaebd884d8cd778494369603a9e7b58d29111bf6b41bdc2dcd87203af4e9", size = 55650, upload-time = "2024-03-22T20:32:29.939Z" }
wheels = [
    { url = "https://files.pythonhosted.org/packages/3b/5d/63d4ae3b9daea098d5d6f5da83984853c1bbacd5dc826764b249fe119d24/requests_oauthlib-2.0.0-py2.py3-none-any.whl", hash = "sha256:7dd8a5c40426b779b0868c404bdef9768deccf22749cde15852df527e6269b36", size = 24179, upload-time = "2024-03-22T20:32:28.055Z" },
]

[[package]]
name = "sample-backend-api"
version = "0.1.0"
source = { virtual = "." }
dependencies = [
    { name = "dj-database-url" },
    { name = "django-cors-headers" },
    { name = "django-storages" },
    { name = "djangorestframework" },
    { name = "djoser" },
    { name = "gunicorn" },
    { name = "psycopg2-binary" },
    { name = "python-dotenv" },
    { name = "uvicorn" },
    { name = "whitenoise" },
]

[package.metadata]
requires-dist = [
    { name = "dj-database-url", specifier = ">=3.0.1" },
    { name = "django-cors-headers", specifier = ">=4.7.0" },
    { name = "django-storages", specifier = ">=1.14.6" },
    { name = "djangorestframework", specifier = ">=3.16.0" },
    { name = "djoser", specifier = ">=2.3.1" },
    { name = "gunicorn", specifier = ">=23.0.0" },
    { name = "psycopg2-binary", specifier = ">=2.9.10" },
    { name = "python-dotenv", specifier = ">=1.1.1" },
    { name = "uvicorn", specifier = ">=0.35.0" },
    { name = "whitenoise", specifier = ">=6.9.0" },
]

[[package]]
name = "social-auth-app-django"
version = "5.5.1"
source = { registry = "https://pypi.org/simple" }
dependencies = [
    { name = "django" },
    { name = "social-auth-core" },
]
sdist = { url = "https://files.pythonhosted.org/packages/88/f7/7f6c4ae532a0bc690e5c38368607752b17fc098946fd2616dcc3c4e271f2/social_auth_app_django-5.5.1.tar.gz", hash = "sha256:a1435c17227d07d690b06cca54ea47d4ed939de4749dac45dd4393c8a98dac17", size = 26554, upload-time = "2025-06-27T13:11:47.899Z" }
wheels = [
    { url = "https://files.pythonhosted.org/packages/0f/33/45ba68b2656569b8def10cef20f1574dce0fed787cbc2f7ccc509b1d4ceb/social_auth_app_django-5.5.1-py3-none-any.whl", hash = "sha256:7a6aac52686b9703af57ad1f5935c55fb97404988067e94c4fa32143bc6a02a5", size = 28529, upload-time = "2025-06-27T13:11:46.798Z" },
]

[[package]]
name = "social-auth-core"
version = "4.7.0"
source = { registry = "https://pypi.org/simple" }
dependencies = [
    { name = "cryptography" },
    { name = "defusedxml" },
    { name = "oauthlib" },
    { name = "pyjwt" },
    { name = "python3-openid" },
    { name = "requests" },
    { name = "requests-oauthlib" },
]
sdist = { url = "https://files.pythonhosted.org/packages/87/c0/466383c22767604c573f15aff3ea2c37aacf3c10281f31199c02ac0017ef/social_auth_core-4.7.0.tar.gz", hash = "sha256:2bba127c7b7166a81085ddb0c248d93751b3bc3cdab8569f62d9f70c6bc4ed40", size = 230894, upload-time = "2025-06-27T06:34:27.15Z" }
wheels = [
    { url = "https://files.pythonhosted.org/packages/e3/3e/1b1ed868b840ecf5e7b02fc8ab20718ac24e184b90057815fee2ebbc107d/social_auth_core-4.7.0-py3-none-any.whl", hash = "sha256:9eef9b49c332d1a3265b37dcc698a7ace97c3fc59df2d874b51576d11d31f6a6", size = 427867, upload-time = "2025-06-27T06:34:25.715Z" },
]

[[package]]
name = "sqlparse"
version = "0.5.3"
source = { registry = "https://pypi.org/simple" }
sdist = { url = "https://files.pythonhosted.org/packages/e5/40/edede8dd6977b0d3da179a342c198ed100dd2aba4be081861ee5911e4da4/sqlparse-0.5.3.tar.gz", hash = "sha256:09f67787f56a0b16ecdbde1bfc7f5d9c3371ca683cfeaa8e6ff60b4807ec9272", size = 84999, upload-time = "2024-12-10T12:05:30.728Z" }
wheels = [
    { url = "https://files.pythonhosted.org/packages/a9/5c/bfd6bd0bf979426d405cc6e71eceb8701b148b16c21d2dc3c261efc61c7b/sqlparse-0.5.3-py3-none-any.whl", hash = "sha256:cf2196ed3418f3ba5de6af7e82c694a9fbdbfecccdfc72e281548517081f16ca", size = 44415, upload-time = "2024-12-10T12:05:27.824Z" },
]

[[package]]
name = "tzdata"
version = "2025.2"
source = { registry = "https://pypi.org/simple" }
sdist = { url = "https://files.pythonhosted.org/packages/95/32/1a225d6164441be760d75c2c42e2780dc0873fe382da3e98a2e1e48361e5/tzdata-2025.2.tar.gz", hash = "sha256:b60a638fcc0daffadf82fe0f57e53d06bdec2f36c4df66280ae79bce6bd6f2b9", size = 196380, upload-time = "2025-03-23T13:54:43.652Z" }
wheels = [
    { url = "https://files.pythonhosted.org/packages/5c/23/c7abc0ca0a1526a0774eca151daeb8de62ec457e77262b66b359c3c7679e/tzdata-2025.2-py2.py3-none-any.whl", hash = "sha256:1a403fada01ff9221ca8044d701868fa132215d84beb92242d9acd2147f667a8", size = 347839, upload-time = "2025-03-23T13:54:41.845Z" },
]

[[package]]
name = "urllib3"
version = "2.5.0"
source = { registry = "https://pypi.org/simple" }
sdist = { url = "https://files.pythonhosted.org/packages/15/22/9ee70a2574a4f4599c47dd506532914ce044817c7752a79b6a51286319bc/urllib3-2.5.0.tar.gz", hash = "sha256:3fc47733c7e419d4bc3f6b3dc2b4f890bb743906a30d56ba4a5bfa4bbff92760", size = 393185, upload-time = "2025-06-18T14:07:41.644Z" }
wheels = [
    { url = "https://files.pythonhosted.org/packages/a7/c2/fe1e52489ae3122415c51f387e221dd0773709bad6c6cdaa599e8a2c5185/urllib3-2.5.0-py3-none-any.whl", hash = "sha256:e6b01673c0fa6a13e374b50871808eb3bf7046c4b125b216f6bf1cc604cff0dc", size = 129795, upload-time = "2025-06-18T14:07:40.39Z" },
]

[[package]]
name = "uvicorn"
version = "0.35.0"
source = { registry = "https://pypi.org/simple" }
dependencies = [
    { name = "click" },
    { name = "h11" },
]
sdist = { url = "https://files.pythonhosted.org/packages/5e/42/e0e305207bb88c6b8d3061399c6a961ffe5fbb7e2aa63c9234df7259e9cd/uvicorn-0.35.0.tar.gz", hash = "sha256:bc662f087f7cf2ce11a1d7fd70b90c9f98ef2e2831556dd078d131b96cc94a01", size = 78473, upload-time = "2025-06-28T16:15:46.058Z" }
wheels = [
    { url = "https://files.pythonhosted.org/packages/d2/e2/dc81b1bd1dcfe91735810265e9d26bc8ec5da45b4c0f6237e286819194c3/uvicorn-0.35.0-py3-none-any.whl", hash = "sha256:197535216b25ff9b785e29a0b79199f55222193d47f820816e7da751e9bc8d4a", size = 66406, upload-time = "2025-06-28T16:15:44.816Z" },
]

[[package]]
name = "whitenoise"
version = "6.9.0"
source = { registry = "https://pypi.org/simple" }
sdist = { url = "https://files.pythonhosted.org/packages/b9/cf/c15c2f21aee6b22a9f6fc9be3f7e477e2442ec22848273db7f4eb73d6162/whitenoise-6.9.0.tar.gz", hash = "sha256:8c4a7c9d384694990c26f3047e118c691557481d624f069b7f7752a2f735d609", size = 25920, upload-time = "2025-02-06T22:16:34.957Z" }
wheels = [
    { url = "https://files.pythonhosted.org/packages/64/b2/2ce9263149fbde9701d352bda24ea1362c154e196d2fda2201f18fc585d7/whitenoise-6.9.0-py3-none-any.whl", hash = "sha256:c8a489049b7ee9889617bb4c274a153f3d979e8f51d2efd0f5b403caf41c57df", size = 20161, upload-time = "2025-02-06T22:16:32.589Z" },
]
